
Microsoft Visual Studio Solution File, Format Version 12.00
# Visual Studio Version 16
VisualStudioVersion = 16.0.31129.286
MinimumVisualStudioVersion = 10.0.40219.1
Project("{FAE04EC0-301F-11D3-BF4B-00C04F79EFBC}") = "DevTest.API3", "DevTest.API3.csproj", "{4F40F6CA-9583-411B-8FC3-31B966C8C42E}"
EndProject
Global
	GlobalSection(SolutionConfigurationPlatforms) = preSolution
		Debug|Any CPU = Debug|Any CPU
		Release|Any CPU = Release|Any CPU
	EndGlobalSection
	GlobalSection(ProjectConfigurationPlatforms) = postSolution
		{4F40F6CA-9583-411B-8FC3-31B966C8C42E}.Debug|Any CPU.ActiveCfg = Debug|Any CPU
		{4F40F6CA-9583-411B-8FC3-31B966C8C42E}.Debug|Any CPU.Build.0 = Debug|Any CPU
		{4F40F6CA-9583-411B-8FC3-31B966C8C42E}.Release|Any CPU.ActiveCfg = Release|Any CPU
		{4F40F6CA-9583-411B-8FC3-31B966C8C42E}.Release|Any CPU.Build.0 = Release|Any CPU
	EndGlobalSection
	GlobalSection(SolutionProperties) = preSolution
		HideSolutionNode = FALSE
	EndGlobalSection
	GlobalSection(ExtensibilityGlobals) = postSolution
		SolutionGuid = {92FB044E-0D74-419E-8D88-6962F0C0B741}
	EndGlobalSection
EndGlobal
