
Microsoft Visual Studio Solution File, Format Version 12.00
# Visual Studio Version 16
VisualStudioVersion = 16.0.31129.286
MinimumVisualStudioVersion = 10.0.40219.1
Project("{9A19103F-16F7-4668-BE54-9A1E7A4F7556}") = "DevTest", "DevTest.csproj", "{25D15BE9-DC7A-4A90-ABB1-EE3C111457E3}"
	ProjectSection(ProjectDependencies) = postProject
		{ABEB4DEE-A1E7-4577-B6D1-B954B09B3FFD} = {ABEB4DEE-A1E7-4577-B6D1-B954B09B3FFD}
	EndProjectSection
EndProject
Project("{9A19103F-16F7-4668-BE54-9A1E7A4F7556}") = "DevTest.Shared", "..\DevTest.Shared\DevTest.Shared.csproj", "{ABEB4DEE-A1E7-4577-B6D1-B954B09B3FFD}"
EndProject
Global
	GlobalSection(SolutionConfigurationPlatforms) = preSolution
		Debug|Any CPU = Debug|Any CPU
		Release|Any CPU = Release|Any CPU
	EndGlobalSection
	GlobalSection(ProjectConfigurationPlatforms) = postSolution
		{25D15BE9-DC7A-4A90-ABB1-EE3C111457E3}.Debug|Any CPU.ActiveCfg = Debug|Any CPU
		{25D15BE9-DC7A-4A90-ABB1-EE3C111457E3}.Debug|Any CPU.Build.0 = Debug|Any CPU
		{25D15BE9-DC7A-4A90-ABB1-EE3C111457E3}.Release|Any CPU.ActiveCfg = Release|Any CPU
		{25D15BE9-DC7A-4A90-ABB1-EE3C111457E3}.Release|Any CPU.Build.0 = Release|Any CPU
		{ABEB4DEE-A1E7-4577-B6D1-B954B09B3FFD}.Debug|Any CPU.ActiveCfg = Debug|Any CPU
		{ABEB4DEE-A1E7-4577-B6D1-B954B09B3FFD}.Debug|Any CPU.Build.0 = Debug|Any CPU
		{ABEB4DEE-A1E7-4577-B6D1-B954B09B3FFD}.Release|Any CPU.ActiveCfg = Release|Any CPU
		{ABEB4DEE-A1E7-4577-B6D1-B954B09B3FFD}.Release|Any CPU.Build.0 = Release|Any CPU
	EndGlobalSection
	GlobalSection(SolutionProperties) = preSolution
		HideSolutionNode = FALSE
	EndGlobalSection
	GlobalSection(ExtensibilityGlobals) = postSolution
		SolutionGuid = {E6C85A33-2A4D-448E-A5E3-77E7FECEAEA5}
	EndGlobalSection
EndGlobal
